// !$*UTF8*$!
{
	archiveVersion = 1;
	classes = {
	};
	objectVersion = 48;
	objects = {

/* Begin PBXBuildFile section */
		B92B145820889ECF0060145F /* DataProvider.swift in Sources */ = {isa = PBXBuildFile; fileRef = B92B145720889ECF0060145F /* DataProvider.swift */; };
		B92B145C2089F6BA0060145F /* FireBoxDetailsController.swift in Sources */ = {isa = PBXBuildFile; fileRef = B92B145B2089F6BA0060145F /* FireBoxDetailsController.swift */; };
		B9533443208F5AAB001BCCD5 /* Map.xib in Resources */ = {isa = PBXBuildFile; fileRef = B9533442208F5AAB001BCCD5 /* Map.xib */; };
		B95456DC2091D98C0050080A /* Fire Boxes.csv in Resources */ = {isa = PBXBuildFile; fileRef = B95456DB2091D98C0050080A /* Fire Boxes.csv */; };
		B961927F2084CCAC001F54BD /* CollectionsExt.swift in Sources */ = {isa = PBXBuildFile; fileRef = B961927E2084CCAC001F54BD /* CollectionsExt.swift */; };
		B96192822084D7E1001F54BD /* FireBoxCell.swift in Sources */ = {isa = PBXBuildFile; fileRef = B96192812084D7E1001F54BD /* FireBoxCell.swift */; };
		B99E041A208E0C0A00B7AE60 /* Map.swift in Sources */ = {isa = PBXBuildFile; fileRef = B99E0419208E0C0A00B7AE60 /* Map.swift */; };
		B9AF806F208768AE00C74225 /* Constants.swift in Sources */ = {isa = PBXBuildFile; fileRef = B9AF806E208768AE00C74225 /* Constants.swift */; };
		B9AF8071208771F200C74225 /* Firehouse.swift in Sources */ = {isa = PBXBuildFile; fileRef = B9AF8070208771F200C74225 /* Firehouse.swift */; };
		B9AF80732087723D00C74225 /* Location.swift in Sources */ = {isa = PBXBuildFile; fileRef = B9AF80722087723D00C74225 /* Location.swift */; };
		B9AF80752087735500C74225 /* EMSStation.swift in Sources */ = {isa = PBXBuildFile; fileRef = B9AF80742087735500C74225 /* EMSStation.swift */; };
		B9AF80772087825900C74225 /* Bronx.plist in Resources */ = {isa = PBXBuildFile; fileRef = B9AF80762087825900C74225 /* Bronx.plist */; };
		B9AF80792087825F00C74225 /* EMS-Stations.plist in Resources */ = {isa = PBXBuildFile; fileRef = B9AF80782087825F00C74225 /* EMS-Stations.plist */; };
		B9AF807B2087826200C74225 /* Staten Island.plist in Resources */ = {isa = PBXBuildFile; fileRef = B9AF807A2087826200C74225 /* Staten Island.plist */; };
		B9AF807D2087826500C74225 /* Queens.plist in Resources */ = {isa = PBXBuildFile; fileRef = B9AF807C2087826500C74225 /* Queens.plist */; };
		B9AF807F2087826800C74225 /* Manhattan.plist in Resources */ = {isa = PBXBuildFile; fileRef = B9AF807E2087826800C74225 /* Manhattan.plist */; };
		B9AF80812087826E00C74225 /* Brooklyn.plist in Resources */ = {isa = PBXBuildFile; fileRef = B9AF80802087826E00C74225 /* Brooklyn.plist */; };
		B9E7C3E32084B902005C4BC8 /* AppDelegate.swift in Sources */ = {isa = PBXBuildFile; fileRef = B9E7C3E22084B902005C4BC8 /* AppDelegate.swift */; };
		B9E7C3E52084B902005C4BC8 /* SearchViewController.swift in Sources */ = {isa = PBXBuildFile; fileRef = B9E7C3E42084B902005C4BC8 /* SearchViewController.swift */; };
		B9E7C3E82084B902005C4BC8 /* Main.storyboard in Resources */ = {isa = PBXBuildFile; fileRef = B9E7C3E62084B902005C4BC8 /* Main.storyboard */; };
		B9E7C3EA2084B902005C4BC8 /* Assets.xcassets in Resources */ = {isa = PBXBuildFile; fileRef = B9E7C3E92084B902005C4BC8 /* Assets.xcassets */; };
		B9E7C3ED2084B902005C4BC8 /* LaunchScreen.storyboard in Resources */ = {isa = PBXBuildFile; fileRef = B9E7C3EB2084B902005C4BC8 /* LaunchScreen.storyboard */; };
		B9E7C3FA2084BBEB005C4BC8 /* FireBox.swift in Sources */ = {isa = PBXBuildFile; fileRef = B9E7C3F92084BBEB005C4BC8 /* FireBox.swift */; };
		B9F1A888208A3F1A002DCD1D /* LocationDistance.swift in Sources */ = {isa = PBXBuildFile; fileRef = B9F1A887208A3F1A002DCD1D /* LocationDistance.swift */; };
/* End PBXBuildFile section */

/* Begin PBXFileReference section */
		B92B145720889ECF0060145F /* DataProvider.swift */ = {isa = PBXFileReference; lastKnownFileType = sourcecode.swift; path = DataProvider.swift; sourceTree = "<group>"; };
		B92B145B2089F6BA0060145F /* FireBoxDetailsController.swift */ = {isa = PBXFileReference; lastKnownFileType = sourcecode.swift; path = FireBoxDetailsController.swift; sourceTree = "<group>"; };
		B9533442208F5AAB001BCCD5 /* Map.xib */ = {isa = PBXFileReference; lastKnownFileType = file.xib; path = Map.xib; sourceTree = "<group>"; };
		B9533445208F6A3C001BCCD5 /* CoreLocation.framework */ = {isa = PBXFileReference; lastKnownFileType = wrapper.framework; name = CoreLocation.framework; path = System/Library/Frameworks/CoreLocation.framework; sourceTree = SDKROOT; };
		B95456DB2091D98C0050080A /* Fire Boxes.csv */ = {isa = PBXFileReference; fileEncoding = 4; lastKnownFileType = text; path = "Fire Boxes.csv"; sourceTree = "<group>"; };
		B961927E2084CCAC001F54BD /* CollectionsExt.swift */ = {isa = PBXFileReference; lastKnownFileType = sourcecode.swift; path = CollectionsExt.swift; sourceTree = "<group>"; };
		B96192812084D7E1001F54BD /* FireBoxCell.swift */ = {isa = PBXFileReference; lastKnownFileType = sourcecode.swift; path = FireBoxCell.swift; sourceTree = "<group>"; };
		B99E0419208E0C0A00B7AE60 /* Map.swift */ = {isa = PBXFileReference; lastKnownFileType = sourcecode.swift; path = Map.swift; sourceTree = "<group>"; };
		B9AF806E208768AE00C74225 /* Constants.swift */ = {isa = PBXFileReference; lastKnownFileType = sourcecode.swift; path = Constants.swift; sourceTree = "<group>"; };
		B9AF8070208771F200C74225 /* Firehouse.swift */ = {isa = PBXFileReference; lastKnownFileType = sourcecode.swift; path = Firehouse.swift; sourceTree = "<group>"; };
		B9AF80722087723D00C74225 /* Location.swift */ = {isa = PBXFileReference; lastKnownFileType = sourcecode.swift; path = Location.swift; sourceTree = "<group>"; };
		B9AF80742087735500C74225 /* EMSStation.swift */ = {isa = PBXFileReference; lastKnownFileType = sourcecode.swift; path = EMSStation.swift; sourceTree = "<group>"; };
		B9AF80762087825900C74225 /* Bronx.plist */ = {isa = PBXFileReference; fileEncoding = 4; lastKnownFileType = text.plist.xml; path = Bronx.plist; sourceTree = "<group>"; };
		B9AF80782087825F00C74225 /* EMS-Stations.plist */ = {isa = PBXFileReference; fileEncoding = 4; lastKnownFileType = text.plist.xml; path = "EMS-Stations.plist"; sourceTree = "<group>"; };
		B9AF807A2087826200C74225 /* Staten Island.plist */ = {isa = PBXFileReference; fileEncoding = 4; lastKnownFileType = text.plist.xml; path = "Staten Island.plist"; sourceTree = "<group>"; };
		B9AF807C2087826500C74225 /* Queens.plist */ = {isa = PBXFileReference; fileEncoding = 4; lastKnownFileType = text.plist.xml; path = Queens.plist; sourceTree = "<group>"; };
		B9AF807E2087826800C74225 /* Manhattan.plist */ = {isa = PBXFileReference; fileEncoding = 4; lastKnownFileType = text.plist.xml; path = Manhattan.plist; sourceTree = "<group>"; };
		B9AF80802087826E00C74225 /* Brooklyn.plist */ = {isa = PBXFileReference; fileEncoding = 4; lastKnownFileType = text.plist.xml; path = Brooklyn.plist; sourceTree = "<group>"; };
		B9E7C3DF2084B902005C4BC8 /* NYCFireBox.app */ = {isa = PBXFileReference; explicitFileType = wrapper.application; includeInIndex = 0; path = NYCFireBox.app; sourceTree = BUILT_PRODUCTS_DIR; };
		B9E7C3E22084B902005C4BC8 /* AppDelegate.swift */ = {isa = PBXFileReference; lastKnownFileType = sourcecode.swift; path = AppDelegate.swift; sourceTree = "<group>"; };
		B9E7C3E42084B902005C4BC8 /* SearchViewController.swift */ = {isa = PBXFileReference; lastKnownFileType = sourcecode.swift; path = SearchViewController.swift; sourceTree = "<group>"; };
		B9E7C3E72084B902005C4BC8 /* Base */ = {isa = PBXFileReference; lastKnownFileType = file.storyboard; name = Base; path = Base.lproj/Main.storyboard; sourceTree = "<group>"; };
		B9E7C3E92084B902005C4BC8 /* Assets.xcassets */ = {isa = PBXFileReference; lastKnownFileType = folder.assetcatalog; path = Assets.xcassets; sourceTree = "<group>"; };
		B9E7C3EC2084B902005C4BC8 /* Base */ = {isa = PBXFileReference; lastKnownFileType = file.storyboard; name = Base; path = Base.lproj/LaunchScreen.storyboard; sourceTree = "<group>"; };
		B9E7C3EE2084B902005C4BC8 /* Info.plist */ = {isa = PBXFileReference; lastKnownFileType = text.plist.xml; path = Info.plist; sourceTree = "<group>"; };
		B9E7C3F92084BBEB005C4BC8 /* FireBox.swift */ = {isa = PBXFileReference; lastKnownFileType = sourcecode.swift; path = FireBox.swift; sourceTree = "<group>"; };
		B9F1A887208A3F1A002DCD1D /* LocationDistance.swift */ = {isa = PBXFileReference; lastKnownFileType = sourcecode.swift; path = LocationDistance.swift; sourceTree = "<group>"; };
/* End PBXFileReference section */

/* Begin PBXFrameworksBuildPhase section */
		B9E7C3DC2084B902005C4BC8 /* Frameworks */ = {
			isa = PBXFrameworksBuildPhase;
			buildActionMask = 2147483647;
			files = (
			);
			runOnlyForDeploymentPostprocessing = 0;
		};
/* End PBXFrameworksBuildPhase section */

/* Begin PBXGroup section */
		B92B145620889EAD0060145F /* DataProviders */ = {
			isa = PBXGroup;
			children = (
				B92B145720889ECF0060145F /* DataProvider.swift */,
			);
			path = DataProviders;
			sourceTree = "<group>";
		};
		B9533444208F6A3B001BCCD5 /* Frameworks */ = {
			isa = PBXGroup;
			children = (
				B9533445208F6A3C001BCCD5 /* CoreLocation.framework */,
			);
			name = Frameworks;
			sourceTree = "<group>";
		};
		B961927D2084CC97001F54BD /* Extensions */ = {
			isa = PBXGroup;
			children = (
				B961927E2084CCAC001F54BD /* CollectionsExt.swift */,
			);
			path = Extensions;
			sourceTree = "<group>";
		};
		B96192802084D7C3001F54BD /* Views */ = {
			isa = PBXGroup;
			children = (
				B96192812084D7E1001F54BD /* FireBoxCell.swift */,
				B99E0419208E0C0A00B7AE60 /* Map.swift */,
				B9533442208F5AAB001BCCD5 /* Map.xib */,
			);
			path = Views;
			sourceTree = "<group>";
		};
		B9E7C3D62084B902005C4BC8 = {
			isa = PBXGroup;
			children = (
				B9E7C3E12084B902005C4BC8 /* NYCFireBox */,
				B9E7C3E02084B902005C4BC8 /* Products */,
				B9533444208F6A3B001BCCD5 /* Frameworks */,
			);
			sourceTree = "<group>";
		};
		B9E7C3E02084B902005C4BC8 /* Products */ = {
			isa = PBXGroup;
			children = (
				B9E7C3DF2084B902005C4BC8 /* NYCFireBox.app */,
			);
			name = Products;
			sourceTree = "<group>";
		};
		B9E7C3E12084B902005C4BC8 /* NYCFireBox */ = {
			isa = PBXGroup;
			children = (
				B92B145620889EAD0060145F /* DataProviders */,
				B96192802084D7C3001F54BD /* Views */,
				B961927D2084CC97001F54BD /* Extensions */,
				B9E7C3F72084BBC5005C4BC8 /* Models */,
				B9E7C3E22084B902005C4BC8 /* AppDelegate.swift */,
				B9E7C3E42084B902005C4BC8 /* SearchViewController.swift */,
				B92B145B2089F6BA0060145F /* FireBoxDetailsController.swift */,
				B9E7C3E62084B902005C4BC8 /* Main.storyboard */,
				B9E7C3EB2084B902005C4BC8 /* LaunchScreen.storyboard */,
				B9E7C3EE2084B902005C4BC8 /* Info.plist */,
				B9E7C3E92084B902005C4BC8 /* Assets.xcassets */,
				B9E7C3F42084BB6E005C4BC8 /* Resources */,
			);
			path = NYCFireBox;
			sourceTree = "<group>";
		};
		B9E7C3F42084BB6E005C4BC8 /* Resources */ = {
			isa = PBXGroup;
			children = (
				B95456DB2091D98C0050080A /* Fire Boxes.csv */,
				B9AF807A2087826200C74225 /* Staten Island.plist */,
				B9AF807C2087826500C74225 /* Queens.plist */,
				B9AF807E2087826800C74225 /* Manhattan.plist */,
				B9AF80782087825F00C74225 /* EMS-Stations.plist */,
				B9AF80802087826E00C74225 /* Brooklyn.plist */,
				B9AF80762087825900C74225 /* Bronx.plist */,
				B9AF806E208768AE00C74225 /* Constants.swift */,
			);
			path = Resources;
			sourceTree = "<group>";
		};
		B9E7C3F72084BBC5005C4BC8 /* Models */ = {
			isa = PBXGroup;
			children = (
				B9E7C3F92084BBEB005C4BC8 /* FireBox.swift */,
				B9AF8070208771F200C74225 /* Firehouse.swift */,
				B9AF80722087723D00C74225 /* Location.swift */,
				B9AF80742087735500C74225 /* EMSStation.swift */,
				B9F1A887208A3F1A002DCD1D /* LocationDistance.swift */,
			);
			path = Models;
			sourceTree = "<group>";
		};
/* End PBXGroup section */

/* Begin PBXNativeTarget section */
		B9E7C3DE2084B902005C4BC8 /* NYCFireBox */ = {
			isa = PBXNativeTarget;
			buildConfigurationList = B9E7C3F12084B902005C4BC8 /* Build configuration list for PBXNativeTarget "NYCFireBox" */;
			buildPhases = (
				B9E7C3DB2084B902005C4BC8 /* Sources */,
				B9E7C3DC2084B902005C4BC8 /* Frameworks */,
				B9E7C3DD2084B902005C4BC8 /* Resources */,
			);
			buildRules = (
			);
			dependencies = (
			);
			name = NYCFireBox;
			productName = NYCFireBox;
			productReference = B9E7C3DF2084B902005C4BC8 /* NYCFireBox.app */;
			productType = "com.apple.product-type.application";
		};
/* End PBXNativeTarget section */

/* Begin PBXProject section */
		B9E7C3D72084B902005C4BC8 /* Project object */ = {
			isa = PBXProject;
			attributes = {
				LastSwiftUpdateCheck = 0920;
				LastUpgradeCheck = 0930;
				ORGANIZATIONNAME = "Pioneer Mobile Applications";
				TargetAttributes = {
					B9E7C3DE2084B902005C4BC8 = {
						CreatedOnToolsVersion = 9.2;
						ProvisioningStyle = Automatic;
					};
				};
			};
			buildConfigurationList = B9E7C3DA2084B902005C4BC8 /* Build configuration list for PBXProject "NYCFireBox" */;
			compatibilityVersion = "Xcode 8.0";
			developmentRegion = en;
			hasScannedForEncodings = 0;
			knownRegions = (
				en,
				Base,
			);
			mainGroup = B9E7C3D62084B902005C4BC8;
			productRefGroup = B9E7C3E02084B902005C4BC8 /* Products */;
			projectDirPath = "";
			projectRoot = "";
			targets = (
				B9E7C3DE2084B902005C4BC8 /* NYCFireBox */,
			);
		};
/* End PBXProject section */

/* Begin PBXResourcesBuildPhase section */
		B9E7C3DD2084B902005C4BC8 /* Resources */ = {
			isa = PBXResourcesBuildPhase;
			buildActionMask = 2147483647;
			files = (
				B9E7C3ED2084B902005C4BC8 /* LaunchScreen.storyboard in Resources */,
				B9E7C3EA2084B902005C4BC8 /* Assets.xcassets in Resources */,
				B9E7C3E82084B902005C4BC8 /* Main.storyboard in Resources */,
				B9533443208F5AAB001BCCD5 /* Map.xib in Resources */,
				B9AF807F2087826800C74225 /* Manhattan.plist in Resources */,
				B9AF80772087825900C74225 /* Bronx.plist in Resources */,
				B9AF80792087825F00C74225 /* EMS-Stations.plist in Resources */,
				B9AF807B2087826200C74225 /* Staten Island.plist in Resources */,
				B9AF80812087826E00C74225 /* Brooklyn.plist in Resources */,
				B9AF807D2087826500C74225 /* Queens.plist in Resources */,
				B95456DC2091D98C0050080A /* Fire Boxes.csv in Resources */,
			);
			runOnlyForDeploymentPostprocessing = 0;
		};
/* End PBXResourcesBuildPhase section */

/* Begin PBXSourcesBuildPhase section */
		B9E7C3DB2084B902005C4BC8 /* Sources */ = {
			isa = PBXSourcesBuildPhase;
			buildActionMask = 2147483647;
			files = (
				B92B145820889ECF0060145F /* DataProvider.swift in Sources */,
				B9F1A888208A3F1A002DCD1D /* LocationDistance.swift in Sources */,
				B9E7C3FA2084BBEB005C4BC8 /* FireBox.swift in Sources */,
				B9AF80752087735500C74225 /* EMSStation.swift in Sources */,
				B9E7C3E52084B902005C4BC8 /* SearchViewController.swift in Sources */,
				B9AF80732087723D00C74225 /* Location.swift in Sources */,
				B96192822084D7E1001F54BD /* FireBoxCell.swift in Sources */,
				B99E041A208E0C0A00B7AE60 /* Map.swift in Sources */,
				B92B145C2089F6BA0060145F /* FireBoxDetailsController.swift in Sources */,
				B9E7C3E32084B902005C4BC8 /* AppDelegate.swift in Sources */,
				B9AF8071208771F200C74225 /* Firehouse.swift in Sources */,
				B961927F2084CCAC001F54BD /* CollectionsExt.swift in Sources */,
				B9AF806F208768AE00C74225 /* Constants.swift in Sources */,
			);
			runOnlyForDeploymentPostprocessing = 0;
		};
/* End PBXSourcesBuildPhase section */

/* Begin PBXVariantGroup section */
		B9E7C3E62084B902005C4BC8 /* Main.storyboard */ = {
			isa = PBXVariantGroup;
			children = (
				B9E7C3E72084B902005C4BC8 /* Base */,
			);
			name = Main.storyboard;
			sourceTree = "<group>";
		};
		B9E7C3EB2084B902005C4BC8 /* LaunchScreen.storyboard */ = {
			isa = PBXVariantGroup;
			children = (
				B9E7C3EC2084B902005C4BC8 /* Base */,
			);
			name = LaunchScreen.storyboard;
			sourceTree = "<group>";
		};
/* End PBXVariantGroup section */

/* Begin XCBuildConfiguration section */
		B9E7C3EF2084B902005C4BC8 /* Debug */ = {
			isa = XCBuildConfiguration;
			buildSettings = {
				ALWAYS_SEARCH_USER_PATHS = NO;
				CLANG_ANALYZER_NONNULL = YES;
				CLANG_ANALYZER_NUMBER_OBJECT_CONVERSION = YES_AGGRESSIVE;
				CLANG_CXX_LANGUAGE_STANDARD = "gnu++14";
				CLANG_CXX_LIBRARY = "libc++";
				CLANG_ENABLE_MODULES = YES;
				CLANG_ENABLE_OBJC_ARC = YES;
				CLANG_WARN_BLOCK_CAPTURE_AUTORELEASING = YES;
				CLANG_WARN_BOOL_CONVERSION = YES;
				CLANG_WARN_COMMA = YES;
				CLANG_WARN_CONSTANT_CONVERSION = YES;
				CLANG_WARN_DEPRECATED_OBJC_IMPLEMENTATIONS = YES;
				CLANG_WARN_DIRECT_OBJC_ISA_USAGE = YES_ERROR;
				CLANG_WARN_DOCUMENTATION_COMMENTS = YES;
				CLANG_WARN_EMPTY_BODY = YES;
				CLANG_WARN_ENUM_CONVERSION = YES;
				CLANG_WARN_INFINITE_RECURSION = YES;
				CLANG_WARN_INT_CONVERSION = YES;
				CLANG_WARN_NON_LITERAL_NULL_CONVERSION = YES;
				CLANG_WARN_OBJC_IMPLICIT_RETAIN_SELF = YES;
				CLANG_WARN_OBJC_LITERAL_CONVERSION = YES;
				CLANG_WARN_OBJC_ROOT_CLASS = YES_ERROR;
				CLANG_WARN_RANGE_LOOP_ANALYSIS = YES;
				CLANG_WARN_STRICT_PROTOTYPES = YES;
				CLANG_WARN_SUSPICIOUS_MOVE = YES;
				CLANG_WARN_UNGUARDED_AVAILABILITY = YES_AGGRESSIVE;
				CLANG_WARN_UNREACHABLE_CODE = YES;
				CLANG_WARN__DUPLICATE_METHOD_MATCH = YES;
				CODE_SIGN_IDENTITY = "iPhone Developer";
				COPY_PHASE_STRIP = NO;
				DEBUG_INFORMATION_FORMAT = dwarf;
				ENABLE_STRICT_OBJC_MSGSEND = YES;
				ENABLE_TESTABILITY = YES;
				GCC_C_LANGUAGE_STANDARD = gnu11;
				GCC_DYNAMIC_NO_PIC = NO;
				GCC_NO_COMMON_BLOCKS = YES;
				GCC_OPTIMIZATION_LEVEL = 0;
				GCC_PREPROCESSOR_DEFINITIONS = (
					"DEBUG=1",
					"$(inherited)",
				);
				GCC_WARN_64_TO_32_BIT_CONVERSION = YES;
				GCC_WARN_ABOUT_RETURN_TYPE = YES_ERROR;
				GCC_WARN_UNDECLARED_SELECTOR = YES;
				GCC_WARN_UNINITIALIZED_AUTOS = YES_AGGRESSIVE;
				GCC_WARN_UNUSED_FUNCTION = YES;
				GCC_WARN_UNUSED_VARIABLE = YES;
				IPHONEOS_DEPLOYMENT_TARGET = 11.0;
				MTL_ENABLE_DEBUG_INFO = YES;
				ONLY_ACTIVE_ARCH = YES;
				SDKROOT = iphoneos;
				SWIFT_ACTIVE_COMPILATION_CONDITIONS = DEBUG;
				SWIFT_OPTIMIZATION_LEVEL = "-Onone";
			};
			name = Debug;
		};
		B9E7C3F02084B902005C4BC8 /* Release */ = {
			isa = XCBuildConfiguration;
			buildSettings = {
				ALWAYS_SEARCH_USER_PATHS = NO;
				CLANG_ANALYZER_NONNULL = YES;
				CLANG_ANALYZER_NUMBER_OBJECT_CONVERSION = YES_AGGRESSIVE;
				CLANG_CXX_LANGUAGE_STANDARD = "gnu++14";
				CLANG_CXX_LIBRARY = "libc++";
				CLANG_ENABLE_MODULES = YES;
				CLANG_ENABLE_OBJC_ARC = YES;
				CLANG_WARN_BLOCK_CAPTURE_AUTORELEASING = YES;
				CLANG_WARN_BOOL_CONVERSION = YES;
				CLANG_WARN_COMMA = YES;
				CLANG_WARN_CONSTANT_CONVERSION = YES;
				CLANG_WARN_DEPRECATED_OBJC_IMPLEMENTATIONS = YES;
				CLANG_WARN_DIRECT_OBJC_ISA_USAGE = YES_ERROR;
				CLANG_WARN_DOCUMENTATION_COMMENTS = YES;
				CLANG_WARN_EMPTY_BODY = YES;
				CLANG_WARN_ENUM_CONVERSION = YES;
				CLANG_WARN_INFINITE_RECURSION = YES;
				CLANG_WARN_INT_CONVERSION = YES;
				CLANG_WARN_NON_LITERAL_NULL_CONVERSION = YES;
				CLANG_WARN_OBJC_IMPLICIT_RETAIN_SELF = YES;
				CLANG_WARN_OBJC_LITERAL_CONVERSION = YES;
				CLANG_WARN_OBJC_ROOT_CLASS = YES_ERROR;
				CLANG_WARN_RANGE_LOOP_ANALYSIS = YES;
				CLANG_WARN_STRICT_PROTOTYPES = YES;
				CLANG_WARN_SUSPICIOUS_MOVE = YES;
				CLANG_WARN_UNGUARDED_AVAILABILITY = YES_AGGRESSIVE;
				CLANG_WARN_UNREACHABLE_CODE = YES;
				CLANG_WARN__DUPLICATE_METHOD_MATCH = YES;
				CODE_SIGN_IDENTITY = "iPhone Developer";
				COPY_PHASE_STRIP = NO;
				DEBUG_INFORMATION_FORMAT = "dwarf-with-dsym";
				ENABLE_NS_ASSERTIONS = NO;
				ENABLE_STRICT_OBJC_MSGSEND = YES;
				GCC_C_LANGUAGE_STANDARD = gnu11;
				GCC_NO_COMMON_BLOCKS = YES;
				GCC_WARN_64_TO_32_BIT_CONVERSION = YES;
				GCC_WARN_ABOUT_RETURN_TYPE = YES_ERROR;
				GCC_WARN_UNDECLARED_SELECTOR = YES;
				GCC_WARN_UNINITIALIZED_AUTOS = YES_AGGRESSIVE;
				GCC_WARN_UNUSED_FUNCTION = YES;
				GCC_WARN_UNUSED_VARIABLE = YES;
				IPHONEOS_DEPLOYMENT_TARGET = 11.0;
				MTL_ENABLE_DEBUG_INFO = NO;
				SDKROOT = iphoneos;
				SWIFT_OPTIMIZATION_LEVEL = "-Owholemodule";
				VALIDATE_PRODUCT = YES;
			};
			name = Release;
		};
		B9E7C3F22084B902005C4BC8 /* Debug */ = {
			isa = XCBuildConfiguration;
			buildSettings = {
				ASSETCATALOG_COMPILER_APPICON_NAME = AppIcon;
				"CODE_SIGN_IDENTITY[sdk=iphoneos*]" = "iPhone Developer";
				CODE_SIGN_STYLE = Automatic;
				DEVELOPMENT_TEAM = 8XD358AHBH;
				INFOPLIST_FILE = NYCFireBox/Info.plist;
				IPHONEOS_DEPLOYMENT_TARGET = 11.0;
				LD_RUNPATH_SEARCH_PATHS = "$(inherited) @executable_path/Frameworks";
				PRODUCT_BUNDLE_IDENTIFIER = com.pioneerapps.NYCFireBox;
				PRODUCT_NAME = "$(TARGET_NAME)";
				PROVISIONING_PROFILE = "";
				PROVISIONING_PROFILE_SPECIFIER = "";
				SWIFT_VERSION = 4.0;
				TARGETED_DEVICE_FAMILY = "1,2";
			};
			name = Debug;
		};
		B9E7C3F32084B902005C4BC8 /* Release */ = {
			isa = XCBuildConfiguration;
			buildSettings = {
				ASSETCATALOG_COMPILER_APPICON_NAME = AppIcon;
				"CODE_SIGN_IDENTITY[sdk=iphoneos*]" = "iPhone Developer";
				CODE_SIGN_STYLE = Automatic;
				DEVELOPMENT_TEAM = 8XD358AHBH;
				INFOPLIST_FILE = NYCFireBox/Info.plist;
				IPHONEOS_DEPLOYMENT_TARGET = 11.0;
				LD_RUNPATH_SEARCH_PATHS = "$(inherited) @executable_path/Frameworks";
				PRODUCT_BUNDLE_IDENTIFIER = com.pioneerapps.NYCFireBox;
				PRODUCT_NAME = "$(TARGET_NAME)";
				PROVISIONING_PROFILE_SPECIFIER = "";
				SWIFT_VERSION = 4.0;
				TARGETED_DEVICE_FAMILY = "1,2";
			};
			name = Release;
		};
/* End XCBuildConfiguration section */

/* Begin XCConfigurationList section */
		B9E7C3DA2084B902005C4BC8 /* Build configuration list for PBXProject "NYCFireBox" */ = {
			isa = XCConfigurationList;
			buildConfigurations = (
				B9E7C3EF2084B902005C4BC8 /* Debug */,
				B9E7C3F02084B902005C4BC8 /* Release */,
			);
			defaultConfigurationIsVisible = 0;
			defaultConfigurationName = Release;
		};
		B9E7C3F12084B902005C4BC8 /* Build configuration list for PBXNativeTarget "NYCFireBox" */ = {
			isa = XCConfigurationList;
			buildConfigurations = (
				B9E7C3F22084B902005C4BC8 /* Debug */,
				B9E7C3F32084B902005C4BC8 /* Release */,
			);
			defaultConfigurationIsVisible = 0;
			defaultConfigurationName = Release;
		};
/* End XCConfigurationList section */
	};
	rootObject = B9E7C3D72084B902005C4BC8 /* Project object */;
}
