// !$*UTF8*$!
{
	archiveVersion = 1;
	classes = {
	};
	objectVersion = 48;
	objects = {

/* Begin PBXBuildFile section */
		8EC6A84BC2C41F55A730E7FE /* Pods_NYCFireBox.framework in Frameworks */ = {isa = PBXBuildFile; fileRef = 0E8F97BEBA4607436E4173A5 /* Pods_NYCFireBox.framework */; };
		B92B145820889ECF0060145F /* DataProvider.swift in Sources */ = {isa = PBXBuildFile; fileRef = B92B145720889ECF0060145F /* DataProvider.swift */; };
		B92B145C2089F6BA0060145F /* FireBoxDetailsController.swift in Sources */ = {isa = PBXBuildFile; fileRef = B92B145B2089F6BA0060145F /* FireBoxDetailsController.swift */; };
		B9533443208F5AAB001BCCD5 /* Map.xib in Resources */ = {isa = PBXBuildFile; fileRef = B9533442208F5AAB001BCCD5 /* Map.xib */; };
		B961927F2084CCAC001F54BD /* CollectionsExt.swift in Sources */ = {isa = PBXBuildFile; fileRef = B961927E2084CCAC001F54BD /* CollectionsExt.swift */; };
		B96192822084D7E1001F54BD /* FireBoxCell.swift in Sources */ = {isa = PBXBuildFile; fileRef = B96192812084D7E1001F54BD /* FireBoxCell.swift */; };
		B961E9AB210B5F4A0059987F /* Constants.swift in Sources */ = {isa = PBXBuildFile; fileRef = B9AF806E208768AE00C74225 /* Constants.swift */; };
		B961E9B2210B73690059987F /* Constants.plist in Resources */ = {isa = PBXBuildFile; fileRef = B961E9B1210B73690059987F /* Constants.plist */; };
		B9650DE3210F37BD00966D39 /* Constants.plist in Resources */ = {isa = PBXBuildFile; fileRef = B961E9B1210B73690059987F /* Constants.plist */; };
		B9650DE4210F428A00966D39 /* NYCFireBoxes.csv in Resources */ = {isa = PBXBuildFile; fileRef = B95456DB2091D98C0050080A /* NYCFireBoxes.csv */; };
		B9650DE5210F428D00966D39 /* BostonFireBoxes.csv in Resources */ = {isa = PBXBuildFile; fileRef = B98ED190210B4CC200091E31 /* BostonFireBoxes.csv */; };
		B9650DE7210F48FA00966D39 /* InfoActionsProvider.swift in Sources */ = {isa = PBXBuildFile; fileRef = B9650DE6210F48FA00966D39 /* InfoActionsProvider.swift */; };
		B9650DE8210F48FA00966D39 /* InfoActionsProvider.swift in Sources */ = {isa = PBXBuildFile; fileRef = B9650DE6210F48FA00966D39 /* InfoActionsProvider.swift */; };
		B9650DEA210F4DEC00966D39 /* ApplicationExt.swift in Sources */ = {isa = PBXBuildFile; fileRef = B9650DE9210F4DEC00966D39 /* ApplicationExt.swift */; };
		B9650DEB210F4DEC00966D39 /* ApplicationExt.swift in Sources */ = {isa = PBXBuildFile; fileRef = B9650DE9210F4DEC00966D39 /* ApplicationExt.swift */; };
		B9650DEE210F705100966D39 /* SearchQueryFormatter.swift in Sources */ = {isa = PBXBuildFile; fileRef = B9650DED210F705100966D39 /* SearchQueryFormatter.swift */; };
		B9650DEF210F705100966D39 /* SearchQueryFormatter.swift in Sources */ = {isa = PBXBuildFile; fileRef = B9650DED210F705100966D39 /* SearchQueryFormatter.swift */; };
		B9650DF12110721F00966D39 /* StringExt.swift in Sources */ = {isa = PBXBuildFile; fileRef = B9650DF02110721F00966D39 /* StringExt.swift */; };
		B9650DF22110721F00966D39 /* StringExt.swift in Sources */ = {isa = PBXBuildFile; fileRef = B9650DF02110721F00966D39 /* StringExt.swift */; };
		B9650DF621108E4500966D39 /* Main.storyboard in Resources */ = {isa = PBXBuildFile; fileRef = B9E7C3E62084B902005C4BC8 /* Main.storyboard */; };
		B98ED15A210B3C3000091E31 /* DataProvider.swift in Sources */ = {isa = PBXBuildFile; fileRef = B92B145720889ECF0060145F /* DataProvider.swift */; };
		B98ED15B210B3C3000091E31 /* LocationDistance.swift in Sources */ = {isa = PBXBuildFile; fileRef = B9F1A887208A3F1A002DCD1D /* LocationDistance.swift */; };
		B98ED15C210B3C3000091E31 /* FireBox.swift in Sources */ = {isa = PBXBuildFile; fileRef = B9E7C3F92084BBEB005C4BC8 /* FireBox.swift */; };
		B98ED15D210B3C3000091E31 /* EMSStation.swift in Sources */ = {isa = PBXBuildFile; fileRef = B9AF80742087735500C74225 /* EMSStation.swift */; };
		B98ED15E210B3C3000091E31 /* SearchViewController.swift in Sources */ = {isa = PBXBuildFile; fileRef = B9E7C3E42084B902005C4BC8 /* SearchViewController.swift */; };
		B98ED15F210B3C3000091E31 /* Location.swift in Sources */ = {isa = PBXBuildFile; fileRef = B9AF80722087723D00C74225 /* Location.swift */; };
		B98ED160210B3C3000091E31 /* FireBoxCell.swift in Sources */ = {isa = PBXBuildFile; fileRef = B96192812084D7E1001F54BD /* FireBoxCell.swift */; };
		B98ED161210B3C3000091E31 /* GoogleAnalyticsController.swift in Sources */ = {isa = PBXBuildFile; fileRef = E3079D402093797700CC46E4 /* GoogleAnalyticsController.swift */; };
		B98ED162210B3C3000091E31 /* Map.swift in Sources */ = {isa = PBXBuildFile; fileRef = B99E0419208E0C0A00B7AE60 /* Map.swift */; };
		B98ED163210B3C3000091E31 /* FireBoxDetailsController.swift in Sources */ = {isa = PBXBuildFile; fileRef = B92B145B2089F6BA0060145F /* FireBoxDetailsController.swift */; };
		B98ED164210B3C3000091E31 /* AppDelegate.swift in Sources */ = {isa = PBXBuildFile; fileRef = B9E7C3E22084B902005C4BC8 /* AppDelegate.swift */; };
		B98ED165210B3C3000091E31 /* Firehouse.swift in Sources */ = {isa = PBXBuildFile; fileRef = B9AF8070208771F200C74225 /* Firehouse.swift */; };
		B98ED166210B3C3000091E31 /* CollectionsExt.swift in Sources */ = {isa = PBXBuildFile; fileRef = B961927E2084CCAC001F54BD /* CollectionsExt.swift */; };
		B98ED167210B3C3000091E31 /* FileUpdater.swift in Sources */ = {isa = PBXBuildFile; fileRef = E3C261E82095023A00F4B1B9 /* FileUpdater.swift */; };
		B98ED16A210B3C3000091E31 /* Crashlytics.framework in Frameworks */ = {isa = PBXBuildFile; fileRef = E3079D39209376F400CC46E4 /* Crashlytics.framework */; };
		B98ED16B210B3C3000091E31 /* Fabric.framework in Frameworks */ = {isa = PBXBuildFile; fileRef = E3079D38209376F400CC46E4 /* Fabric.framework */; };
		B98ED16C210B3C3000091E31 /* Pods_NYCFireBox.framework in Frameworks */ = {isa = PBXBuildFile; fileRef = 0E8F97BEBA4607436E4173A5 /* Pods_NYCFireBox.framework */; };
		B98ED171210B3C3000091E31 /* Map.xib in Resources */ = {isa = PBXBuildFile; fileRef = B9533442208F5AAB001BCCD5 /* Map.xib */; };
		B98ED184210B3DF500091E31 /* BostonLaunchScreen.storyboard in Resources */ = {isa = PBXBuildFile; fileRef = B98ED182210B3DF100091E31 /* BostonLaunchScreen.storyboard */; };
		B98ED186210B3EA700091E31 /* Assets.xcassets in Resources */ = {isa = PBXBuildFile; fileRef = B9E7C3E92084B902005C4BC8 /* Assets.xcassets */; };
		B98ED187210B3EC200091E31 /* Assets.xcassets in Resources */ = {isa = PBXBuildFile; fileRef = B9E7C3E92084B902005C4BC8 /* Assets.xcassets */; };
		B98ED194210B4E6200091E31 /* Boston.csv in Resources */ = {isa = PBXBuildFile; fileRef = B98ED193210B4E6200091E31 /* Boston.csv */; };
		B98ED195210B55BB00091E31 /* Staten Island.plist in Resources */ = {isa = PBXBuildFile; fileRef = B9AF807A2087826200C74225 /* Staten Island.plist */; };
		B99E041A208E0C0A00B7AE60 /* Map.swift in Sources */ = {isa = PBXBuildFile; fileRef = B99E0419208E0C0A00B7AE60 /* Map.swift */; };
		B9AF806F208768AE00C74225 /* Constants.swift in Sources */ = {isa = PBXBuildFile; fileRef = B9AF806E208768AE00C74225 /* Constants.swift */; };
		B9AF8071208771F200C74225 /* Firehouse.swift in Sources */ = {isa = PBXBuildFile; fileRef = B9AF8070208771F200C74225 /* Firehouse.swift */; };
		B9AF80732087723D00C74225 /* Location.swift in Sources */ = {isa = PBXBuildFile; fileRef = B9AF80722087723D00C74225 /* Location.swift */; };
		B9AF80752087735500C74225 /* EMSStation.swift in Sources */ = {isa = PBXBuildFile; fileRef = B9AF80742087735500C74225 /* EMSStation.swift */; };
		B9AF80772087825900C74225 /* Bronx.plist in Resources */ = {isa = PBXBuildFile; fileRef = B9AF80762087825900C74225 /* Bronx.plist */; };
		B9AF80792087825F00C74225 /* EMS-Stations.plist in Resources */ = {isa = PBXBuildFile; fileRef = B9AF80782087825F00C74225 /* EMS-Stations.plist */; };
		B9AF807D2087826500C74225 /* Queens.plist in Resources */ = {isa = PBXBuildFile; fileRef = B9AF807C2087826500C74225 /* Queens.plist */; };
		B9AF807F2087826800C74225 /* Manhattan.plist in Resources */ = {isa = PBXBuildFile; fileRef = B9AF807E2087826800C74225 /* Manhattan.plist */; };
		B9AF80812087826E00C74225 /* Brooklyn.plist in Resources */ = {isa = PBXBuildFile; fileRef = B9AF80802087826E00C74225 /* Brooklyn.plist */; };
		B9E7C3E32084B902005C4BC8 /* AppDelegate.swift in Sources */ = {isa = PBXBuildFile; fileRef = B9E7C3E22084B902005C4BC8 /* AppDelegate.swift */; };
		B9E7C3E52084B902005C4BC8 /* SearchViewController.swift in Sources */ = {isa = PBXBuildFile; fileRef = B9E7C3E42084B902005C4BC8 /* SearchViewController.swift */; };
		B9E7C3E82084B902005C4BC8 /* Main.storyboard in Resources */ = {isa = PBXBuildFile; fileRef = B9E7C3E62084B902005C4BC8 /* Main.storyboard */; };
		B9E7C3ED2084B902005C4BC8 /* LaunchScreen.storyboard in Resources */ = {isa = PBXBuildFile; fileRef = B9E7C3EB2084B902005C4BC8 /* LaunchScreen.storyboard */; };
		B9E7C3FA2084BBEB005C4BC8 /* FireBox.swift in Sources */ = {isa = PBXBuildFile; fileRef = B9E7C3F92084BBEB005C4BC8 /* FireBox.swift */; };
		B9F1A888208A3F1A002DCD1D /* LocationDistance.swift in Sources */ = {isa = PBXBuildFile; fileRef = B9F1A887208A3F1A002DCD1D /* LocationDistance.swift */; };
		E3079D3A209376F500CC46E4 /* Fabric.framework in Frameworks */ = {isa = PBXBuildFile; fileRef = E3079D38209376F400CC46E4 /* Fabric.framework */; };
		E3079D3B209376F500CC46E4 /* Crashlytics.framework in Frameworks */ = {isa = PBXBuildFile; fileRef = E3079D39209376F400CC46E4 /* Crashlytics.framework */; };
		E3079D412093797700CC46E4 /* GoogleAnalyticsController.swift in Sources */ = {isa = PBXBuildFile; fileRef = E3079D402093797700CC46E4 /* GoogleAnalyticsController.swift */; };
		E3C261E92095023A00F4B1B9 /* FileUpdater.swift in Sources */ = {isa = PBXBuildFile; fileRef = E3C261E82095023A00F4B1B9 /* FileUpdater.swift */; };
/* End PBXBuildFile section */

/* Begin PBXFileReference section */
		0E8F97BEBA4607436E4173A5 /* Pods_NYCFireBox.framework */ = {isa = PBXFileReference; explicitFileType = wrapper.framework; includeInIndex = 0; path = Pods_NYCFireBox.framework; sourceTree = BUILT_PRODUCTS_DIR; };
		17211DA8B0350251AEA11C45 /* Pods-NYCFireBox.release.xcconfig */ = {isa = PBXFileReference; includeInIndex = 1; lastKnownFileType = text.xcconfig; name = "Pods-NYCFireBox.release.xcconfig"; path = "Pods/Target Support Files/Pods-NYCFireBox/Pods-NYCFireBox.release.xcconfig"; sourceTree = "<group>"; };
		998D2EAC3D4FCAA6EADEAD69 /* Pods-NYCFireBox.debug.xcconfig */ = {isa = PBXFileReference; includeInIndex = 1; lastKnownFileType = text.xcconfig; name = "Pods-NYCFireBox.debug.xcconfig"; path = "Pods/Target Support Files/Pods-NYCFireBox/Pods-NYCFireBox.debug.xcconfig"; sourceTree = "<group>"; };
		B92B145720889ECF0060145F /* DataProvider.swift */ = {isa = PBXFileReference; lastKnownFileType = sourcecode.swift; path = DataProvider.swift; sourceTree = "<group>"; };
		B92B145B2089F6BA0060145F /* FireBoxDetailsController.swift */ = {isa = PBXFileReference; lastKnownFileType = sourcecode.swift; path = FireBoxDetailsController.swift; sourceTree = "<group>"; };
		B9533442208F5AAB001BCCD5 /* Map.xib */ = {isa = PBXFileReference; lastKnownFileType = file.xib; path = Map.xib; sourceTree = "<group>"; };
		B9533445208F6A3C001BCCD5 /* CoreLocation.framework */ = {isa = PBXFileReference; lastKnownFileType = wrapper.framework; name = CoreLocation.framework; path = System/Library/Frameworks/CoreLocation.framework; sourceTree = SDKROOT; };
		B95456DB2091D98C0050080A /* NYCFireBoxes.csv */ = {isa = PBXFileReference; fileEncoding = 4; lastKnownFileType = text; path = NYCFireBoxes.csv; sourceTree = "<group>"; };
		B961927E2084CCAC001F54BD /* CollectionsExt.swift */ = {isa = PBXFileReference; lastKnownFileType = sourcecode.swift; path = CollectionsExt.swift; sourceTree = "<group>"; };
		B96192812084D7E1001F54BD /* FireBoxCell.swift */ = {isa = PBXFileReference; lastKnownFileType = sourcecode.swift; path = FireBoxCell.swift; sourceTree = "<group>"; };
		B961E9B1210B73690059987F /* Constants.plist */ = {isa = PBXFileReference; lastKnownFileType = text.plist.xml; path = Constants.plist; sourceTree = "<group>"; };
		B9650DE6210F48FA00966D39 /* InfoActionsProvider.swift */ = {isa = PBXFileReference; lastKnownFileType = sourcecode.swift; path = InfoActionsProvider.swift; sourceTree = "<group>"; };
		B9650DE9210F4DEC00966D39 /* ApplicationExt.swift */ = {isa = PBXFileReference; lastKnownFileType = sourcecode.swift; path = ApplicationExt.swift; sourceTree = "<group>"; };
		B9650DED210F705100966D39 /* SearchQueryFormatter.swift */ = {isa = PBXFileReference; lastKnownFileType = sourcecode.swift; path = SearchQueryFormatter.swift; sourceTree = "<group>"; };
		B9650DF02110721F00966D39 /* StringExt.swift */ = {isa = PBXFileReference; lastKnownFileType = sourcecode.swift; path = StringExt.swift; sourceTree = "<group>"; };
		B98ED17D210B3C3000091E31 /* BostonFireBox.app */ = {isa = PBXFileReference; explicitFileType = wrapper.application; includeInIndex = 0; path = BostonFireBox.app; sourceTree = BUILT_PRODUCTS_DIR; };
		B98ED17E210B3C3000091E31 /* NYCFireBox copy-Info.plist */ = {isa = PBXFileReference; lastKnownFileType = text.plist.xml; name = "NYCFireBox copy-Info.plist"; path = "/Users/wf-gordanabadarovska/Desktop/Projects/NYCFireBox/NYCFireBox/NYCFireBox copy-Info.plist"; sourceTree = "<absolute>"; };
		B98ED182210B3DF100091E31 /* BostonLaunchScreen.storyboard */ = {isa = PBXFileReference; lastKnownFileType = file.storyboard; path = BostonLaunchScreen.storyboard; sourceTree = "<group>"; };
		B98ED190210B4CC200091E31 /* BostonFireBoxes.csv */ = {isa = PBXFileReference; fileEncoding = 4; lastKnownFileType = text; name = BostonFireBoxes.csv; path = ../../../../../../Downloads/BostonFireBoxes.csv; sourceTree = "<group>"; };
		B98ED193210B4E6200091E31 /* Boston.csv */ = {isa = PBXFileReference; fileEncoding = 4; lastKnownFileType = text; path = Boston.csv; sourceTree = "<group>"; };
		B99E0419208E0C0A00B7AE60 /* Map.swift */ = {isa = PBXFileReference; lastKnownFileType = sourcecode.swift; path = Map.swift; sourceTree = "<group>"; };
		B9AF806E208768AE00C74225 /* Constants.swift */ = {isa = PBXFileReference; lastKnownFileType = sourcecode.swift; path = Constants.swift; sourceTree = "<group>"; };
		B9AF8070208771F200C74225 /* Firehouse.swift */ = {isa = PBXFileReference; lastKnownFileType = sourcecode.swift; path = Firehouse.swift; sourceTree = "<group>"; };
		B9AF80722087723D00C74225 /* Location.swift */ = {isa = PBXFileReference; lastKnownFileType = sourcecode.swift; path = Location.swift; sourceTree = "<group>"; };
		B9AF80742087735500C74225 /* EMSStation.swift */ = {isa = PBXFileReference; lastKnownFileType = sourcecode.swift; path = EMSStation.swift; sourceTree = "<group>"; };
		B9AF80762087825900C74225 /* Bronx.plist */ = {isa = PBXFileReference; fileEncoding = 4; lastKnownFileType = text.plist.xml; path = Bronx.plist; sourceTree = "<group>"; };
		B9AF80782087825F00C74225 /* EMS-Stations.plist */ = {isa = PBXFileReference; fileEncoding = 4; lastKnownFileType = text.plist.xml; path = "EMS-Stations.plist"; sourceTree = "<group>"; };
		B9AF807A2087826200C74225 /* Staten Island.plist */ = {isa = PBXFileReference; fileEncoding = 4; lastKnownFileType = text.plist.xml; path = "Staten Island.plist"; sourceTree = "<group>"; };
		B9AF807C2087826500C74225 /* Queens.plist */ = {isa = PBXFileReference; fileEncoding = 4; lastKnownFileType = text.plist.xml; path = Queens.plist; sourceTree = "<group>"; };
		B9AF807E2087826800C74225 /* Manhattan.plist */ = {isa = PBXFileReference; fileEncoding = 4; lastKnownFileType = text.plist.xml; path = Manhattan.plist; sourceTree = "<group>"; };
		B9AF80802087826E00C74225 /* Brooklyn.plist */ = {isa = PBXFileReference; fileEncoding = 4; lastKnownFileType = text.plist.xml; path = Brooklyn.plist; sourceTree = "<group>"; };
		B9E7C3DF2084B902005C4BC8 /* NYCFireBox.app */ = {isa = PBXFileReference; explicitFileType = wrapper.application; includeInIndex = 0; path = NYCFireBox.app; sourceTree = BUILT_PRODUCTS_DIR; };
		B9E7C3E22084B902005C4BC8 /* AppDelegate.swift */ = {isa = PBXFileReference; lastKnownFileType = sourcecode.swift; path = AppDelegate.swift; sourceTree = "<group>"; };
		B9E7C3E42084B902005C4BC8 /* SearchViewController.swift */ = {isa = PBXFileReference; lastKnownFileType = sourcecode.swift; path = SearchViewController.swift; sourceTree = "<group>"; };
		B9E7C3E72084B902005C4BC8 /* Base */ = {isa = PBXFileReference; lastKnownFileType = file.storyboard; name = Base; path = Base.lproj/Main.storyboard; sourceTree = "<group>"; };
		B9E7C3E92084B902005C4BC8 /* Assets.xcassets */ = {isa = PBXFileReference; lastKnownFileType = folder.assetcatalog; path = Assets.xcassets; sourceTree = "<group>"; };
		B9E7C3EC2084B902005C4BC8 /* Base */ = {isa = PBXFileReference; lastKnownFileType = file.storyboard; name = Base; path = Base.lproj/LaunchScreen.storyboard; sourceTree = "<group>"; };
		B9E7C3EE2084B902005C4BC8 /* Info.plist */ = {isa = PBXFileReference; lastKnownFileType = text.plist.xml; path = Info.plist; sourceTree = "<group>"; };
		B9E7C3F92084BBEB005C4BC8 /* FireBox.swift */ = {isa = PBXFileReference; lastKnownFileType = sourcecode.swift; path = FireBox.swift; sourceTree = "<group>"; };
		B9F1A887208A3F1A002DCD1D /* LocationDistance.swift */ = {isa = PBXFileReference; lastKnownFileType = sourcecode.swift; path = LocationDistance.swift; sourceTree = "<group>"; };
		E3079D38209376F400CC46E4 /* Fabric.framework */ = {isa = PBXFileReference; lastKnownFileType = wrapper.framework; path = Fabric.framework; sourceTree = SOURCE_ROOT; };
		E3079D39209376F400CC46E4 /* Crashlytics.framework */ = {isa = PBXFileReference; lastKnownFileType = wrapper.framework; path = Crashlytics.framework; sourceTree = SOURCE_ROOT; };
		E3079D3C2093783B00CC46E4 /* NYCFireBox-Bridging-Header.h */ = {isa = PBXFileReference; lastKnownFileType = sourcecode.c.h; path = "NYCFireBox-Bridging-Header.h"; sourceTree = "<group>"; };
		E3079D402093797700CC46E4 /* GoogleAnalyticsController.swift */ = {isa = PBXFileReference; lastKnownFileType = sourcecode.swift; path = GoogleAnalyticsController.swift; sourceTree = "<group>"; };
		E3C261E82095023A00F4B1B9 /* FileUpdater.swift */ = {isa = PBXFileReference; fileEncoding = 4; lastKnownFileType = sourcecode.swift; path = FileUpdater.swift; sourceTree = "<group>"; };
		E3D3A79A20C9AE880025EA05 /* NYCFireBox.entitlements */ = {isa = PBXFileReference; lastKnownFileType = text.plist.entitlements; path = NYCFireBox.entitlements; sourceTree = "<group>"; };
/* End PBXFileReference section */

/* Begin PBXFrameworksBuildPhase section */
		B98ED169210B3C3000091E31 /* Frameworks */ = {
			isa = PBXFrameworksBuildPhase;
			buildActionMask = 2147483647;
			files = (
				B98ED16A210B3C3000091E31 /* Crashlytics.framework in Frameworks */,
				B98ED16B210B3C3000091E31 /* Fabric.framework in Frameworks */,
				B98ED16C210B3C3000091E31 /* Pods_NYCFireBox.framework in Frameworks */,
			);
			runOnlyForDeploymentPostprocessing = 0;
		};
		B9E7C3DC2084B902005C4BC8 /* Frameworks */ = {
			isa = PBXFrameworksBuildPhase;
			buildActionMask = 2147483647;
			files = (
				E3079D3B209376F500CC46E4 /* Crashlytics.framework in Frameworks */,
				E3079D3A209376F500CC46E4 /* Fabric.framework in Frameworks */,
				8EC6A84BC2C41F55A730E7FE /* Pods_NYCFireBox.framework in Frameworks */,
			);
			runOnlyForDeploymentPostprocessing = 0;
		};
/* End PBXFrameworksBuildPhase section */

/* Begin PBXGroup section */
		B92B145620889EAD0060145F /* DataProviders */ = {
			isa = PBXGroup;
			children = (
				B92B145720889ECF0060145F /* DataProvider.swift */,
				E3C261E82095023A00F4B1B9 /* FileUpdater.swift */,
				B9650DE6210F48FA00966D39 /* InfoActionsProvider.swift */,
			);
			path = DataProviders;
			sourceTree = "<group>";
		};
		B9533444208F6A3B001BCCD5 /* Frameworks */ = {
			isa = PBXGroup;
			children = (
				B9533445208F6A3C001BCCD5 /* CoreLocation.framework */,
				0E8F97BEBA4607436E4173A5 /* Pods_NYCFireBox.framework */,
			);
			name = Frameworks;
			sourceTree = "<group>";
		};
		B961927D2084CC97001F54BD /* Extensions */ = {
			isa = PBXGroup;
			children = (
				B961927E2084CCAC001F54BD /* CollectionsExt.swift */,
				B9650DE9210F4DEC00966D39 /* ApplicationExt.swift */,
				B9650DF02110721F00966D39 /* StringExt.swift */,
			);
			path = Extensions;
			sourceTree = "<group>";
		};
		B96192802084D7C3001F54BD /* Views */ = {
			isa = PBXGroup;
			children = (
				B96192812084D7E1001F54BD /* FireBoxCell.swift */,
				B99E0419208E0C0A00B7AE60 /* Map.swift */,
				B9533442208F5AAB001BCCD5 /* Map.xib */,
			);
			path = Views;
			sourceTree = "<group>";
		};
		B9650DEC210F703500966D39 /* Utils */ = {
			isa = PBXGroup;
			children = (
				B9650DED210F705100966D39 /* SearchQueryFormatter.swift */,
			);
			path = Utils;
			sourceTree = "<group>";
		};
		B98ED17F210B3DAA00091E31 /* Storyboards */ = {
			isa = PBXGroup;
			children = (
				B9E7C3E62084B902005C4BC8 /* Main.storyboard */,
				B9E7C3EB2084B902005C4BC8 /* LaunchScreen.storyboard */,
				B98ED182210B3DF100091E31 /* BostonLaunchScreen.storyboard */,
			);
			path = Storyboards;
			sourceTree = "<group>";
		};
		B9E7C3D62084B902005C4BC8 = {
			isa = PBXGroup;
			children = (
				B9E7C3E12084B902005C4BC8 /* NYCFireBox */,
				B9E7C3E02084B902005C4BC8 /* Products */,
				B9533444208F6A3B001BCCD5 /* Frameworks */,
				D93467484F070381724F970A /* Pods */,
				B98ED17E210B3C3000091E31 /* NYCFireBox copy-Info.plist */,
			);
			sourceTree = "<group>";
		};
		B9E7C3E02084B902005C4BC8 /* Products */ = {
			isa = PBXGroup;
			children = (
				B9E7C3DF2084B902005C4BC8 /* NYCFireBox.app */,
				B98ED17D210B3C3000091E31 /* BostonFireBox.app */,
			);
			name = Products;
			sourceTree = "<group>";
		};
		B9E7C3E12084B902005C4BC8 /* NYCFireBox */ = {
			isa = PBXGroup;
			children = (
				E3D3A79A20C9AE880025EA05 /* NYCFireBox.entitlements */,
				E3079D39209376F400CC46E4 /* Crashlytics.framework */,
				E3079D38209376F400CC46E4 /* Fabric.framework */,
				B9650DEC210F703500966D39 /* Utils */,
				B98ED17F210B3DAA00091E31 /* Storyboards */,
				B92B145620889EAD0060145F /* DataProviders */,
				B96192802084D7C3001F54BD /* Views */,
				B961927D2084CC97001F54BD /* Extensions */,
				B9E7C3F72084BBC5005C4BC8 /* Models */,
				B9E7C3E22084B902005C4BC8 /* AppDelegate.swift */,
				B9E7C3E42084B902005C4BC8 /* SearchViewController.swift */,
				B92B145B2089F6BA0060145F /* FireBoxDetailsController.swift */,
				E3079D402093797700CC46E4 /* GoogleAnalyticsController.swift */,
				B9E7C3EE2084B902005C4BC8 /* Info.plist */,
				B9E7C3E92084B902005C4BC8 /* Assets.xcassets */,
				B9E7C3F42084BB6E005C4BC8 /* Resources */,
			);
			path = NYCFireBox;
			sourceTree = "<group>";
		};
		B9E7C3F42084BB6E005C4BC8 /* Resources */ = {
			isa = PBXGroup;
			children = (
				B95456DB2091D98C0050080A /* NYCFireBoxes.csv */,
				B98ED190210B4CC200091E31 /* BostonFireBoxes.csv */,
				B98ED193210B4E6200091E31 /* Boston.csv */,
				B9AF807A2087826200C74225 /* Staten Island.plist */,
				B9AF807C2087826500C74225 /* Queens.plist */,
				B9AF807E2087826800C74225 /* Manhattan.plist */,
				B9AF80782087825F00C74225 /* EMS-Stations.plist */,
				B9AF80802087826E00C74225 /* Brooklyn.plist */,
				B9AF80762087825900C74225 /* Bronx.plist */,
				B9AF806E208768AE00C74225 /* Constants.swift */,
				B961E9B1210B73690059987F /* Constants.plist */,
				E3079D3C2093783B00CC46E4 /* NYCFireBox-Bridging-Header.h */,
			);
			path = Resources;
			sourceTree = "<group>";
		};
		B9E7C3F72084BBC5005C4BC8 /* Models */ = {
			isa = PBXGroup;
			children = (
				B9E7C3F92084BBEB005C4BC8 /* FireBox.swift */,
				B9AF8070208771F200C74225 /* Firehouse.swift */,
				B9AF80722087723D00C74225 /* Location.swift */,
				B9AF80742087735500C74225 /* EMSStation.swift */,
				B9F1A887208A3F1A002DCD1D /* LocationDistance.swift */,
			);
			path = Models;
			sourceTree = "<group>";
		};
		D93467484F070381724F970A /* Pods */ = {
			isa = PBXGroup;
			children = (
				998D2EAC3D4FCAA6EADEAD69 /* Pods-NYCFireBox.debug.xcconfig */,
				17211DA8B0350251AEA11C45 /* Pods-NYCFireBox.release.xcconfig */,
			);
			name = Pods;
			sourceTree = "<group>";
		};
/* End PBXGroup section */

/* Begin PBXNativeTarget section */
		B98ED157210B3C3000091E31 /* BostonFireBox */ = {
			isa = PBXNativeTarget;
			buildConfigurationList = B98ED17A210B3C3000091E31 /* Build configuration list for PBXNativeTarget "BostonFireBox" */;
			buildPhases = (
				B98ED158210B3C3000091E31 /* [CP] Check Pods Manifest.lock */,
				B98ED159210B3C3000091E31 /* Sources */,
				B98ED169210B3C3000091E31 /* Frameworks */,
				B98ED16D210B3C3000091E31 /* Resources */,
				B98ED179210B3C3000091E31 /* ShellScript */,
			);
			buildRules = (
			);
			dependencies = (
			);
			name = BostonFireBox;
			productName = NYCFireBox;
			productReference = B98ED17D210B3C3000091E31 /* BostonFireBox.app */;
			productType = "com.apple.product-type.application";
		};
		B9E7C3DE2084B902005C4BC8 /* NYCFireBox */ = {
			isa = PBXNativeTarget;
			buildConfigurationList = B9E7C3F12084B902005C4BC8 /* Build configuration list for PBXNativeTarget "NYCFireBox" */;
			buildPhases = (
				FAB5C9F851B86CA642E40A33 /* [CP] Check Pods Manifest.lock */,
				B9E7C3DB2084B902005C4BC8 /* Sources */,
				B9E7C3DC2084B902005C4BC8 /* Frameworks */,
				B9E7C3DD2084B902005C4BC8 /* Resources */,
				E3079D37209376D800CC46E4 /* ShellScript */,
			);
			buildRules = (
			);
			dependencies = (
			);
			name = NYCFireBox;
			productName = NYCFireBox;
			productReference = B9E7C3DF2084B902005C4BC8 /* NYCFireBox.app */;
			productType = "com.apple.product-type.application";
		};
/* End PBXNativeTarget section */

/* Begin PBXProject section */
		B9E7C3D72084B902005C4BC8 /* Project object */ = {
			isa = PBXProject;
			attributes = {
				LastSwiftUpdateCheck = 0920;
				LastUpgradeCheck = 0930;
				ORGANIZATIONNAME = "Pioneer Mobile Applications";
				TargetAttributes = {
					B98ED157210B3C3000091E31 = {
						ProvisioningStyle = Automatic;
					};
					B9E7C3DE2084B902005C4BC8 = {
						CreatedOnToolsVersion = 9.2;
						LastSwiftMigration = 0930;
						ProvisioningStyle = Automatic;
						SystemCapabilities = {
							com.apple.BackgroundModes = {
								enabled = 1;
							};
							com.apple.Push = {
								enabled = 1;
							};
						};
					};
				};
			};
			buildConfigurationList = B9E7C3DA2084B902005C4BC8 /* Build configuration list for PBXProject "NYCFireBox" */;
			compatibilityVersion = "Xcode 8.0";
			developmentRegion = en;
			hasScannedForEncodings = 0;
			knownRegions = (
				en,
				Base,
			);
			mainGroup = B9E7C3D62084B902005C4BC8;
			productRefGroup = B9E7C3E02084B902005C4BC8 /* Products */;
			projectDirPath = "";
			projectRoot = "";
			targets = (
				B9E7C3DE2084B902005C4BC8 /* NYCFireBox */,
				B98ED157210B3C3000091E31 /* BostonFireBox */,
			);
		};
/* End PBXProject section */

/* Begin PBXResourcesBuildPhase section */
		B98ED16D210B3C3000091E31 /* Resources */ = {
			isa = PBXResourcesBuildPhase;
			buildActionMask = 2147483647;
			files = (
				B9650DF621108E4500966D39 /* Main.storyboard in Resources */,
				B9650DE5210F428D00966D39 /* BostonFireBoxes.csv in Resources */,
				B98ED171210B3C3000091E31 /* Map.xib in Resources */,
				B98ED186210B3EA700091E31 /* Assets.xcassets in Resources */,
				B9650DE3210F37BD00966D39 /* Constants.plist in Resources */,
				B98ED194210B4E6200091E31 /* Boston.csv in Resources */,
				B98ED184210B3DF500091E31 /* BostonLaunchScreen.storyboard in Resources */,
			);
			runOnlyForDeploymentPostprocessing = 0;
		};
		B9E7C3DD2084B902005C4BC8 /* Resources */ = {
			isa = PBXResourcesBuildPhase;
			buildActionMask = 2147483647;
			files = (
				B9E7C3ED2084B902005C4BC8 /* LaunchScreen.storyboard in Resources */,
				B9E7C3E82084B902005C4BC8 /* Main.storyboard in Resources */,
				B98ED187210B3EC200091E31 /* Assets.xcassets in Resources */,
				B9533443208F5AAB001BCCD5 /* Map.xib in Resources */,
				B9AF807F2087826800C74225 /* Manhattan.plist in Resources */,
				B9AF80772087825900C74225 /* Bronx.plist in Resources */,
				B961E9B2210B73690059987F /* Constants.plist in Resources */,
				B9AF80792087825F00C74225 /* EMS-Stations.plist in Resources */,
				B9AF80812087826E00C74225 /* Brooklyn.plist in Resources */,
				B9AF807D2087826500C74225 /* Queens.plist in Resources */,
				B98ED195210B55BB00091E31 /* Staten Island.plist in Resources */,
				B9650DE4210F428A00966D39 /* NYCFireBoxes.csv in Resources */,
			);
			runOnlyForDeploymentPostprocessing = 0;
		};
/* End PBXResourcesBuildPhase section */

/* Begin PBXShellScriptBuildPhase section */
		B98ED158210B3C3000091E31 /* [CP] Check Pods Manifest.lock */ = {
			isa = PBXShellScriptBuildPhase;
			buildActionMask = 2147483647;
			files = (
			);
			inputPaths = (
				"${PODS_PODFILE_DIR_PATH}/Podfile.lock",
				"${PODS_ROOT}/Manifest.lock",
			);
			name = "[CP] Check Pods Manifest.lock";
			outputPaths = (
				"$(DERIVED_FILE_DIR)/Pods-NYCFireBox-checkManifestLockResult.txt",
			);
			runOnlyForDeploymentPostprocessing = 0;
			shellPath = /bin/sh;
			shellScript = "diff \"${PODS_PODFILE_DIR_PATH}/Podfile.lock\" \"${PODS_ROOT}/Manifest.lock\" > /dev/null\nif [ $? != 0 ] ; then\n    # print error to STDERR\n    echo \"error: The sandbox is not in sync with the Podfile.lock. Run 'pod install' or update your CocoaPods installation.\" >&2\n    exit 1\nfi\n# This output is used by Xcode 'outputs' to avoid re-running this script phase.\necho \"SUCCESS\" > \"${SCRIPT_OUTPUT_FILE_0}\"\n";
			showEnvVarsInLog = 0;
		};
		B98ED179210B3C3000091E31 /* ShellScript */ = {
			isa = PBXShellScriptBuildPhase;
			buildActionMask = 2147483647;
			files = (
			);
			inputPaths = (
			);
			outputPaths = (
			);
			runOnlyForDeploymentPostprocessing = 0;
			shellPath = /bin/sh;
			shellScript = "./Fabric.framework/run 2af9bd1ca0b9052b7e50085eec2ac32b7a87ba9b 608c2a652546802f51b6965129a9e62cd5bbba75a54216d5be57d81430fba1d8";
		};
		E3079D37209376D800CC46E4 /* ShellScript */ = {
			isa = PBXShellScriptBuildPhase;
			buildActionMask = 2147483647;
			files = (
			);
			inputPaths = (
			);
			outputPaths = (
			);
			runOnlyForDeploymentPostprocessing = 0;
			shellPath = /bin/sh;
			shellScript = "./Fabric.framework/run 2af9bd1ca0b9052b7e50085eec2ac32b7a87ba9b 608c2a652546802f51b6965129a9e62cd5bbba75a54216d5be57d81430fba1d8";
		};
		FAB5C9F851B86CA642E40A33 /* [CP] Check Pods Manifest.lock */ = {
			isa = PBXShellScriptBuildPhase;
			buildActionMask = 2147483647;
			files = (
			);
			inputPaths = (
				"${PODS_PODFILE_DIR_PATH}/Podfile.lock",
				"${PODS_ROOT}/Manifest.lock",
			);
			name = "[CP] Check Pods Manifest.lock";
			outputPaths = (
				"$(DERIVED_FILE_DIR)/Pods-NYCFireBox-checkManifestLockResult.txt",
			);
			runOnlyForDeploymentPostprocessing = 0;
			shellPath = /bin/sh;
			shellScript = "diff \"${PODS_PODFILE_DIR_PATH}/Podfile.lock\" \"${PODS_ROOT}/Manifest.lock\" > /dev/null\nif [ $? != 0 ] ; then\n    # print error to STDERR\n    echo \"error: The sandbox is not in sync with the Podfile.lock. Run 'pod install' or update your CocoaPods installation.\" >&2\n    exit 1\nfi\n# This output is used by Xcode 'outputs' to avoid re-running this script phase.\necho \"SUCCESS\" > \"${SCRIPT_OUTPUT_FILE_0}\"\n";
			showEnvVarsInLog = 0;
		};
/* End PBXShellScriptBuildPhase section */

/* Begin PBXSourcesBuildPhase section */
		B98ED159210B3C3000091E31 /* Sources */ = {
			isa = PBXSourcesBuildPhase;
			buildActionMask = 2147483647;
			files = (
				B98ED15A210B3C3000091E31 /* DataProvider.swift in Sources */,
				B9650DF22110721F00966D39 /* StringExt.swift in Sources */,
				B98ED15B210B3C3000091E31 /* LocationDistance.swift in Sources */,
				B98ED15C210B3C3000091E31 /* FireBox.swift in Sources */,
				B961E9AB210B5F4A0059987F /* Constants.swift in Sources */,
				B98ED15D210B3C3000091E31 /* EMSStation.swift in Sources */,
				B98ED15E210B3C3000091E31 /* SearchViewController.swift in Sources */,
				B98ED15F210B3C3000091E31 /* Location.swift in Sources */,
				B9650DEB210F4DEC00966D39 /* ApplicationExt.swift in Sources */,
				B98ED160210B3C3000091E31 /* FireBoxCell.swift in Sources */,
				B98ED161210B3C3000091E31 /* GoogleAnalyticsController.swift in Sources */,
				B98ED162210B3C3000091E31 /* Map.swift in Sources */,
				B98ED163210B3C3000091E31 /* FireBoxDetailsController.swift in Sources */,
				B98ED164210B3C3000091E31 /* AppDelegate.swift in Sources */,
				B9650DE8210F48FA00966D39 /* InfoActionsProvider.swift in Sources */,
				B98ED165210B3C3000091E31 /* Firehouse.swift in Sources */,
				B9650DEF210F705100966D39 /* SearchQueryFormatter.swift in Sources */,
				B98ED166210B3C3000091E31 /* CollectionsExt.swift in Sources */,
				B98ED167210B3C3000091E31 /* FileUpdater.swift in Sources */,
			);
			runOnlyForDeploymentPostprocessing = 0;
		};
		B9E7C3DB2084B902005C4BC8 /* Sources */ = {
			isa = PBXSourcesBuildPhase;
			buildActionMask = 2147483647;
			files = (
				B92B145820889ECF0060145F /* DataProvider.swift in Sources */,
				B9650DF12110721F00966D39 /* StringExt.swift in Sources */,
				B9F1A888208A3F1A002DCD1D /* LocationDistance.swift in Sources */,
				B9E7C3FA2084BBEB005C4BC8 /* FireBox.swift in Sources */,
				B9AF80752087735500C74225 /* EMSStation.swift in Sources */,
				B9E7C3E52084B902005C4BC8 /* SearchViewController.swift in Sources */,
				B9AF80732087723D00C74225 /* Location.swift in Sources */,
				B96192822084D7E1001F54BD /* FireBoxCell.swift in Sources */,
				B9650DEA210F4DEC00966D39 /* ApplicationExt.swift in Sources */,
				E3079D412093797700CC46E4 /* GoogleAnalyticsController.swift in Sources */,
				B99E041A208E0C0A00B7AE60 /* Map.swift in Sources */,
				B92B145C2089F6BA0060145F /* FireBoxDetailsController.swift in Sources */,
				B9E7C3E32084B902005C4BC8 /* AppDelegate.swift in Sources */,
				B9AF8071208771F200C74225 /* Firehouse.swift in Sources */,
				B9650DE7210F48FA00966D39 /* InfoActionsProvider.swift in Sources */,
				B961927F2084CCAC001F54BD /* CollectionsExt.swift in Sources */,
				B9650DEE210F705100966D39 /* SearchQueryFormatter.swift in Sources */,
				E3C261E92095023A00F4B1B9 /* FileUpdater.swift in Sources */,
				B9AF806F208768AE00C74225 /* Constants.swift in Sources */,
			);
			runOnlyForDeploymentPostprocessing = 0;
		};
/* End PBXSourcesBuildPhase section */

/* Begin PBXVariantGroup section */
		B9E7C3E62084B902005C4BC8 /* Main.storyboard */ = {
			isa = PBXVariantGroup;
			children = (
				B9E7C3E72084B902005C4BC8 /* Base */,
			);
			name = Main.storyboard;
			sourceTree = "<group>";
		};
		B9E7C3EB2084B902005C4BC8 /* LaunchScreen.storyboard */ = {
			isa = PBXVariantGroup;
			children = (
				B9E7C3EC2084B902005C4BC8 /* Base */,
			);
			name = LaunchScreen.storyboard;
			sourceTree = "<group>";
		};
/* End PBXVariantGroup section */

/* Begin XCBuildConfiguration section */
		B98ED17B210B3C3000091E31 /* Debug */ = {
			isa = XCBuildConfiguration;
			baseConfigurationReference = 998D2EAC3D4FCAA6EADEAD69 /* Pods-NYCFireBox.debug.xcconfig */;
			buildSettings = {
				ASSETCATALOG_COMPILER_APPICON_NAME = BostonAppIcon;
				CLANG_ENABLE_MODULES = YES;
				CODE_SIGN_ENTITLEMENTS = NYCFireBox/NYCFireBox.entitlements;
				"CODE_SIGN_IDENTITY[sdk=iphoneos*]" = "iPhone Developer";
				CODE_SIGN_STYLE = Automatic;
				DEVELOPMENT_TEAM = 8XD358AHBH;
				FRAMEWORK_SEARCH_PATHS = (
					"$(inherited)",
					"$(PROJECT_DIR)",
				);
				INFOPLIST_FILE = "NYCFireBox copy-Info.plist";
				IPHONEOS_DEPLOYMENT_TARGET = 11.0;
				LD_RUNPATH_SEARCH_PATHS = "$(inherited) @executable_path/Frameworks";
				PRODUCT_BUNDLE_IDENTIFIER = com.Pioneer.BostonFireBox;
				PRODUCT_NAME = "$(TARGET_NAME)";
				PROVISIONING_PROFILE = "";
				PROVISIONING_PROFILE_SPECIFIER = "";
				SWIFT_OBJC_BRIDGING_HEADER = "NYCFireBox/Resources/NYCFireBox-Bridging-Header.h";
				SWIFT_OPTIMIZATION_LEVEL = "-Onone";
				SWIFT_VERSION = 4.0;
				TARGETED_DEVICE_FAMILY = "1,2";
			};
			name = Debug;
		};
		B98ED17C210B3C3000091E31 /* Release */ = {
			isa = XCBuildConfiguration;
			baseConfigurationReference = 17211DA8B0350251AEA11C45 /* Pods-NYCFireBox.release.xcconfig */;
			buildSettings = {
				ASSETCATALOG_COMPILER_APPICON_NAME = BostonAppIcon;
				CLANG_ENABLE_MODULES = YES;
				CODE_SIGN_ENTITLEMENTS = NYCFireBox/NYCFireBox.entitlements;
				"CODE_SIGN_IDENTITY[sdk=iphoneos*]" = "iPhone Developer";
				CODE_SIGN_STYLE = Automatic;
				DEVELOPMENT_TEAM = 8XD358AHBH;
				FRAMEWORK_SEARCH_PATHS = (
					"$(inherited)",
					"$(PROJECT_DIR)",
				);
				INFOPLIST_FILE = "NYCFireBox copy-Info.plist";
				IPHONEOS_DEPLOYMENT_TARGET = 11.0;
				LD_RUNPATH_SEARCH_PATHS = "$(inherited) @executable_path/Frameworks";
				PRODUCT_BUNDLE_IDENTIFIER = com.Pioneer.BostonFireBox;
				PRODUCT_NAME = "$(TARGET_NAME)";
				PROVISIONING_PROFILE_SPECIFIER = "";
				SWIFT_OBJC_BRIDGING_HEADER = "NYCFireBox/Resources/NYCFireBox-Bridging-Header.h";
				SWIFT_VERSION = 4.0;
				TARGETED_DEVICE_FAMILY = "1,2";
			};
			name = Release;
		};
		B9E7C3EF2084B902005C4BC8 /* Debug */ = {
			isa = XCBuildConfiguration;
			buildSettings = {
				ALWAYS_SEARCH_USER_PATHS = NO;
				CLANG_ANALYZER_NONNULL = YES;
				CLANG_ANALYZER_NUMBER_OBJECT_CONVERSION = YES_AGGRESSIVE;
				CLANG_CXX_LANGUAGE_STANDARD = "gnu++14";
				CLANG_CXX_LIBRARY = "libc++";
				CLANG_ENABLE_MODULES = YES;
				CLANG_ENABLE_OBJC_ARC = YES;
				CLANG_WARN_BLOCK_CAPTURE_AUTORELEASING = YES;
				CLANG_WARN_BOOL_CONVERSION = YES;
				CLANG_WARN_COMMA = YES;
				CLANG_WARN_CONSTANT_CONVERSION = YES;
				CLANG_WARN_DEPRECATED_OBJC_IMPLEMENTATIONS = YES;
				CLANG_WARN_DIRECT_OBJC_ISA_USAGE = YES_ERROR;
				CLANG_WARN_DOCUMENTATION_COMMENTS = YES;
				CLANG_WARN_EMPTY_BODY = YES;
				CLANG_WARN_ENUM_CONVERSION = YES;
				CLANG_WARN_INFINITE_RECURSION = YES;
				CLANG_WARN_INT_CONVERSION = YES;
				CLANG_WARN_NON_LITERAL_NULL_CONVERSION = YES;
				CLANG_WARN_OBJC_IMPLICIT_RETAIN_SELF = YES;
				CLANG_WARN_OBJC_LITERAL_CONVERSION = YES;
				CLANG_WARN_OBJC_ROOT_CLASS = YES_ERROR;
				CLANG_WARN_RANGE_LOOP_ANALYSIS = YES;
				CLANG_WARN_STRICT_PROTOTYPES = YES;
				CLANG_WARN_SUSPICIOUS_MOVE = YES;
				CLANG_WARN_UNGUARDED_AVAILABILITY = YES_AGGRESSIVE;
				CLANG_WARN_UNREACHABLE_CODE = YES;
				CLANG_WARN__DUPLICATE_METHOD_MATCH = YES;
				CODE_SIGN_IDENTITY = "iPhone Developer";
				COPY_PHASE_STRIP = NO;
				DEBUG_INFORMATION_FORMAT = dwarf;
				ENABLE_STRICT_OBJC_MSGSEND = YES;
				ENABLE_TESTABILITY = YES;
				GCC_C_LANGUAGE_STANDARD = gnu11;
				GCC_DYNAMIC_NO_PIC = NO;
				GCC_NO_COMMON_BLOCKS = YES;
				GCC_OPTIMIZATION_LEVEL = 0;
				GCC_PREPROCESSOR_DEFINITIONS = (
					"DEBUG=1",
					"$(inherited)",
				);
				GCC_WARN_64_TO_32_BIT_CONVERSION = YES;
				GCC_WARN_ABOUT_RETURN_TYPE = YES_ERROR;
				GCC_WARN_UNDECLARED_SELECTOR = YES;
				GCC_WARN_UNINITIALIZED_AUTOS = YES_AGGRESSIVE;
				GCC_WARN_UNUSED_FUNCTION = YES;
				GCC_WARN_UNUSED_VARIABLE = YES;
				IPHONEOS_DEPLOYMENT_TARGET = 11.0;
				MTL_ENABLE_DEBUG_INFO = YES;
				ONLY_ACTIVE_ARCH = YES;
				SDKROOT = iphoneos;
				SWIFT_ACTIVE_COMPILATION_CONDITIONS = DEBUG;
				SWIFT_OPTIMIZATION_LEVEL = "-Onone";
			};
			name = Debug;
		};
		B9E7C3F02084B902005C4BC8 /* Release */ = {
			isa = XCBuildConfiguration;
			buildSettings = {
				ALWAYS_SEARCH_USER_PATHS = NO;
				CLANG_ANALYZER_NONNULL = YES;
				CLANG_ANALYZER_NUMBER_OBJECT_CONVERSION = YES_AGGRESSIVE;
				CLANG_CXX_LANGUAGE_STANDARD = "gnu++14";
				CLANG_CXX_LIBRARY = "libc++";
				CLANG_ENABLE_MODULES = YES;
				CLANG_ENABLE_OBJC_ARC = YES;
				CLANG_WARN_BLOCK_CAPTURE_AUTORELEASING = YES;
				CLANG_WARN_BOOL_CONVERSION = YES;
				CLANG_WARN_COMMA = YES;
				CLANG_WARN_CONSTANT_CONVERSION = YES;
				CLANG_WARN_DEPRECATED_OBJC_IMPLEMENTATIONS = YES;
				CLANG_WARN_DIRECT_OBJC_ISA_USAGE = YES_ERROR;
				CLANG_WARN_DOCUMENTATION_COMMENTS = YES;
				CLANG_WARN_EMPTY_BODY = YES;
				CLANG_WARN_ENUM_CONVERSION = YES;
				CLANG_WARN_INFINITE_RECURSION = YES;
				CLANG_WARN_INT_CONVERSION = YES;
				CLANG_WARN_NON_LITERAL_NULL_CONVERSION = YES;
				CLANG_WARN_OBJC_IMPLICIT_RETAIN_SELF = YES;
				CLANG_WARN_OBJC_LITERAL_CONVERSION = YES;
				CLANG_WARN_OBJC_ROOT_CLASS = YES_ERROR;
				CLANG_WARN_RANGE_LOOP_ANALYSIS = YES;
				CLANG_WARN_STRICT_PROTOTYPES = YES;
				CLANG_WARN_SUSPICIOUS_MOVE = YES;
				CLANG_WARN_UNGUARDED_AVAILABILITY = YES_AGGRESSIVE;
				CLANG_WARN_UNREACHABLE_CODE = YES;
				CLANG_WARN__DUPLICATE_METHOD_MATCH = YES;
				CODE_SIGN_IDENTITY = "iPhone Developer";
				COPY_PHASE_STRIP = NO;
				DEBUG_INFORMATION_FORMAT = "dwarf-with-dsym";
				ENABLE_NS_ASSERTIONS = NO;
				ENABLE_STRICT_OBJC_MSGSEND = YES;
				GCC_C_LANGUAGE_STANDARD = gnu11;
				GCC_NO_COMMON_BLOCKS = YES;
				GCC_WARN_64_TO_32_BIT_CONVERSION = YES;
				GCC_WARN_ABOUT_RETURN_TYPE = YES_ERROR;
				GCC_WARN_UNDECLARED_SELECTOR = YES;
				GCC_WARN_UNINITIALIZED_AUTOS = YES_AGGRESSIVE;
				GCC_WARN_UNUSED_FUNCTION = YES;
				GCC_WARN_UNUSED_VARIABLE = YES;
				IPHONEOS_DEPLOYMENT_TARGET = 11.0;
				MTL_ENABLE_DEBUG_INFO = NO;
				SDKROOT = iphoneos;
				SWIFT_OPTIMIZATION_LEVEL = "-Owholemodule";
				VALIDATE_PRODUCT = YES;
			};
			name = Release;
		};
		B9E7C3F22084B902005C4BC8 /* Debug */ = {
			isa = XCBuildConfiguration;
			baseConfigurationReference = 998D2EAC3D4FCAA6EADEAD69 /* Pods-NYCFireBox.debug.xcconfig */;
			buildSettings = {
				ASSETCATALOG_COMPILER_APPICON_NAME = AppIcon;
				CLANG_ENABLE_MODULES = YES;
				CODE_SIGN_ENTITLEMENTS = NYCFireBox/NYCFireBox.entitlements;
				"CODE_SIGN_IDENTITY[sdk=iphoneos*]" = "iPhone Developer";
				CODE_SIGN_STYLE = Automatic;
				DEVELOPMENT_TEAM = 8XD358AHBH;
				FRAMEWORK_SEARCH_PATHS = (
					"$(inherited)",
					"$(PROJECT_DIR)",
				);
				INFOPLIST_FILE = NYCFireBox/Info.plist;
				IPHONEOS_DEPLOYMENT_TARGET = 11.0;
				LD_RUNPATH_SEARCH_PATHS = "$(inherited) @executable_path/Frameworks";
				PRODUCT_BUNDLE_IDENTIFIER = com.Pioneer.NYCFireBox;
				PRODUCT_NAME = "$(TARGET_NAME)";
				PROVISIONING_PROFILE = "";
				PROVISIONING_PROFILE_SPECIFIER = "";
				SWIFT_OBJC_BRIDGING_HEADER = "NYCFireBox/Resources/NYCFireBox-Bridging-Header.h";
				SWIFT_OPTIMIZATION_LEVEL = "-Onone";
				SWIFT_VERSION = 4.0;
				TARGETED_DEVICE_FAMILY = "1,2";
			};
			name = Debug;
		};
		B9E7C3F32084B902005C4BC8 /* Release */ = {
			isa = XCBuildConfiguration;
			baseConfigurationReference = 17211DA8B0350251AEA11C45 /* Pods-NYCFireBox.release.xcconfig */;
			buildSettings = {
				ASSETCATALOG_COMPILER_APPICON_NAME = AppIcon;
				CLANG_ENABLE_MODULES = YES;
				CODE_SIGN_ENTITLEMENTS = NYCFireBox/NYCFireBox.entitlements;
				"CODE_SIGN_IDENTITY[sdk=iphoneos*]" = "iPhone Developer";
				CODE_SIGN_STYLE = Automatic;
				DEVELOPMENT_TEAM = 8XD358AHBH;
				FRAMEWORK_SEARCH_PATHS = (
					"$(inherited)",
					"$(PROJECT_DIR)",
				);
				INFOPLIST_FILE = NYCFireBox/Info.plist;
				IPHONEOS_DEPLOYMENT_TARGET = 11.0;
				LD_RUNPATH_SEARCH_PATHS = "$(inherited) @executable_path/Frameworks";
				PRODUCT_BUNDLE_IDENTIFIER = com.Pioneer.NYCFireBox;
				PRODUCT_NAME = "$(TARGET_NAME)";
				PROVISIONING_PROFILE_SPECIFIER = "";
				SWIFT_OBJC_BRIDGING_HEADER = "NYCFireBox/Resources/NYCFireBox-Bridging-Header.h";
				SWIFT_VERSION = 4.0;
				TARGETED_DEVICE_FAMILY = "1,2";
			};
			name = Release;
		};
/* End XCBuildConfiguration section */

/* Begin XCConfigurationList section */
		B98ED17A210B3C3000091E31 /* Build configuration list for PBXNativeTarget "BostonFireBox" */ = {
			isa = XCConfigurationList;
			buildConfigurations = (
				B98ED17B210B3C3000091E31 /* Debug */,
				B98ED17C210B3C3000091E31 /* Release */,
			);
			defaultConfigurationIsVisible = 0;
			defaultConfigurationName = Release;
		};
		B9E7C3DA2084B902005C4BC8 /* Build configuration list for PBXProject "NYCFireBox" */ = {
			isa = XCConfigurationList;
			buildConfigurations = (
				B9E7C3EF2084B902005C4BC8 /* Debug */,
				B9E7C3F02084B902005C4BC8 /* Release */,
			);
			defaultConfigurationIsVisible = 0;
			defaultConfigurationName = Release;
		};
		B9E7C3F12084B902005C4BC8 /* Build configuration list for PBXNativeTarget "NYCFireBox" */ = {
			isa = XCConfigurationList;
			buildConfigurations = (
				B9E7C3F22084B902005C4BC8 /* Debug */,
				B9E7C3F32084B902005C4BC8 /* Release */,
			);
			defaultConfigurationIsVisible = 0;
			defaultConfigurationName = Release;
		};
/* End XCConfigurationList section */
	};
	rootObject = B9E7C3D72084B902005C4BC8 /* Project object */;
}
