PODS:
  - GoogleAnalytics (3.17.0)
  - OneSignal (2.8.4)

DEPENDENCIES:
  - GoogleAnalytics
  - OneSignal (< 3.0, >= 2.6.2)

SPEC REPOS:
  https://github.com/cocoapods/specs.git:
    - GoogleAnalytics
    - OneSignal

SPEC CHECKSUMS:
  GoogleAnalytics: f42cc53a87a51fe94334821868d9c8481ff47a7b
  OneSignal: 7218a5a787f6685de81bdb487e696439e8c8f59b

PODFILE CHECKSUM: 37785dfd225919c243c76fa30bb009b216c57898

COCOAPODS: 1.5.2
