PODS:
  - Alamofire (4.8.2)
  - FacebookCore (0.9.0):
    - FBSDKCoreKit (~> 5.0)
  - FBSDKCoreKit (5.11.1):
    - FBSDKCoreKit/Basics (= 5.11.1)
    - FBSDKCoreKit/Core (= 5.11.1)
  - FBSDKCoreKit/Basics (5.11.1)
  - FBSDKCoreKit/Core (5.11.1):
    - FBSDKCoreKit/Basics
  - GoogleAnalytics (3.17.0)
  - OneSignal (2.8.4)

DEPENDENCIES:
  - Alamofire
  - FacebookCore
  - GoogleAnalytics
  - OneSignal (< 3.0, >= 2.6.2)

SPEC REPOS:
  https://github.com/CocoaPods/Specs.git:
    - Alamofire
    - GoogleAnalytics
    - OneSignal
  trunk:
    - FacebookCore
    - FBSDKCoreKit

SPEC CHECKSUMS:
  Alamofire: ae5c501addb7afdbb13687d7f2f722c78734c2d3
  FacebookCore: ba86524b66cfa86d0f8e65d08faa8504a9f732dd
  FBSDKCoreKit: 5aada61a229054694810f3cee231f986004b3c49
  GoogleAnalytics: f42cc53a87a51fe94334821868d9c8481ff47a7b
  OneSignal: 7218a5a787f6685de81bdb487e696439e8c8f59b

PODFILE CHECKSUM: 05a7dd7653d4026f375d541b3ad3fc32a964225f

COCOAPODS: 1.10.0.beta.2
